
Microsoft Visual Studio Solution File, Format Version 12.00
# Visual Studio 15
VisualStudioVersion = 15.0.27703.2018
MinimumVisualStudioVersion = 10.0.40219.1
Project("{FAE04EC0-301F-11D3-BF4B-00C04F79EFBC}") = "AutoLapse", "AutoLapse\AutoLapse.csproj", "{B8D5595D-2E6F-4FDB-9A04-2575625AAEB8}"
EndProject
Global
	GlobalSection(SolutionConfigurationPlatforms) = preSolution
		Debug|Any CPU = Debug|Any CPU
		Release|Any CPU = Release|Any CPU
	EndGlobalSection
	GlobalSection(ProjectConfigurationPlatforms) = postSolution
		{B8D5595D-2E6F-4FDB-9A04-2575625AAEB8}.Debug|Any CPU.ActiveCfg = Debug|Any CPU
		{B8D5595D-2E6F-4FDB-9A04-2575625AAEB8}.Debug|Any CPU.Build.0 = Debug|Any CPU
		{B8D5595D-2E6F-4FDB-9A04-2575625AAEB8}.Release|Any CPU.ActiveCfg = Release|Any CPU
		{B8D5595D-2E6F-4FDB-9A04-2575625AAEB8}.Release|Any CPU.Build.0 = Release|Any CPU
	EndGlobalSection
	GlobalSection(SolutionProperties) = preSolution
		HideSolutionNode = FALSE
	EndGlobalSection
	GlobalSection(ExtensibilityGlobals) = postSolution
		SolutionGuid = {CDAE08BD-0864-4EAD-90FD-0CAAFD4388A6}
	EndGlobalSection
EndGlobal
